// !$*UTF8*$!
{
	archiveVersion = 1;
	classes = {
	};
	objectVersion = 46;
	objects = {

/* Begin PBXBuildFile section */
		521F09271E730800005CE87A /* AppDelegate.swift in Sources */ = {isa = PBXBuildFile; fileRef = 521F09261E730800005CE87A /* AppDelegate.swift */; };
		521F09291E730800005CE87A /* ViewController.swift in Sources */ = {isa = PBXBuildFile; fileRef = 521F09281E730800005CE87A /* ViewController.swift */; };
		521F092C1E730800005CE87A /* Main.storyboard in Resources */ = {isa = PBXBuildFile; fileRef = 521F092A1E730800005CE87A /* Main.storyboard */; };
		521F092F1E730800005CE87A /* MusicCollector.xcdatamodeld in Sources */ = {isa = PBXBuildFile; fileRef = 521F092D1E730800005CE87A /* MusicCollector.xcdatamodeld */; };
		521F09311E730800005CE87A /* Assets.xcassets in Resources */ = {isa = PBXBuildFile; fileRef = 521F09301E730800005CE87A /* Assets.xcassets */; };
		521F09341E730800005CE87A /* LaunchScreen.storyboard in Resources */ = {isa = PBXBuildFile; fileRef = 521F09321E730800005CE87A /* LaunchScreen.storyboard */; };
/* End PBXBuildFile section */

/* Begin PBXFileReference section */
		521F09231E730800005CE87A /* MusicCollector.app */ = {isa = PBXFileReference; explicitFileType = wrapper.application; includeInIndex = 0; path = MusicCollector.app; sourceTree = BUILT_PRODUCTS_DIR; };
		521F09261E730800005CE87A /* AppDelegate.swift */ = {isa = PBXFileReference; lastKnownFileType = sourcecode.swift; path = AppDelegate.swift; sourceTree = "<group>"; };
		521F09281E730800005CE87A /* ViewController.swift */ = {isa = PBXFileReference; lastKnownFileType = sourcecode.swift; path = ViewController.swift; sourceTree = "<group>"; };
		521F092B1E730800005CE87A /* Base */ = {isa = PBXFileReference; lastKnownFileType = file.storyboard; name = Base; path = Base.lproj/Main.storyboard; sourceTree = "<group>"; };
		521F092E1E730800005CE87A /* MusicCollector.xcdatamodel */ = {isa = PBXFileReference; lastKnownFileType = wrapper.xcdatamodel; path = MusicCollector.xcdatamodel; sourceTree = "<group>"; };
		521F09301E730800005CE87A /* Assets.xcassets */ = {isa = PBXFileReference; lastKnownFileType = folder.assetcatalog; path = Assets.xcassets; sourceTree = "<group>"; };
		521F09331E730800005CE87A /* Base */ = {isa = PBXFileReference; lastKnownFileType = file.storyboard; name = Base; path = Base.lproj/LaunchScreen.storyboard; sourceTree = "<group>"; };
		521F09351E730800005CE87A /* Info.plist */ = {isa = PBXFileReference; lastKnownFileType = text.plist.xml; path = Info.plist; sourceTree = "<group>"; };
/* End PBXFileReference section */

/* Begin PBXFrameworksBuildPhase section */
		521F09201E730800005CE87A /* Frameworks */ = {
			isa = PBXFrameworksBuildPhase;
			buildActionMask = 2147483647;
			files = (
			);
			runOnlyForDeploymentPostprocessing = 0;
		};
/* End PBXFrameworksBuildPhase section */

/* Begin PBXGroup section */
		521F091A1E7307FF005CE87A = {
			isa = PBXGroup;
			children = (
				521F09251E730800005CE87A /* MusicCollector */,
				521F09241E730800005CE87A /* Products */,
			);
			sourceTree = "<group>";
		};
		521F09241E730800005CE87A /* Products */ = {
			isa = PBXGroup;
			children = (
				521F09231E730800005CE87A /* MusicCollector.app */,
			);
			name = Products;
			sourceTree = "<group>";
		};
		521F09251E730800005CE87A /* MusicCollector */ = {
			isa = PBXGroup;
			children = (
				521F09261E730800005CE87A /* AppDelegate.swift */,
				521F09281E730800005CE87A /* ViewController.swift */,
				521F092A1E730800005CE87A /* Main.storyboard */,
				521F09301E730800005CE87A /* Assets.xcassets */,
				521F09321E730800005CE87A /* LaunchScreen.storyboard */,
				521F09351E730800005CE87A /* Info.plist */,
				521F092D1E730800005CE87A /* MusicCollector.xcdatamodeld */,
			);
			path = MusicCollector;
			sourceTree = "<group>";
		};
/* End PBXGroup section */

/* Begin PBXNativeTarget section */
		521F09221E730800005CE87A /* MusicCollector */ = {
			isa = PBXNativeTarget;
			buildConfigurationList = 521F09381E730800005CE87A /* Build configuration list for PBXNativeTarget "MusicCollector" */;
			buildPhases = (
				521F091F1E730800005CE87A /* Sources */,
				521F09201E730800005CE87A /* Frameworks */,
				521F09211E730800005CE87A /* Resources */,
			);
			buildRules = (
			);
			dependencies = (
			);
			name = MusicCollector;
			productName = MusicCollector;
			productReference = 521F09231E730800005CE87A /* MusicCollector.app */;
			productType = "com.apple.product-type.application";
		};
/* End PBXNativeTarget section */

/* Begin PBXProject section */
		521F091B1E730800005CE87A /* Project object */ = {
			isa = PBXProject;
			attributes = {
				LastSwiftUpdateCheck = 0800;
				LastUpgradeCheck = 0800;
				ORGANIZATIONNAME = bonapARTe;
				TargetAttributes = {
					521F09221E730800005CE87A = {
						CreatedOnToolsVersion = 8.0;
						ProvisioningStyle = Automatic;
					};
				};
			};
			buildConfigurationList = 521F091E1E730800005CE87A /* Build configuration list for PBXProject "MusicCollector" */;
			compatibilityVersion = "Xcode 3.2";
			developmentRegion = English;
			hasScannedForEncodings = 0;
			knownRegions = (
				en,
				Base,
			);
			mainGroup = 521F091A1E7307FF005CE87A;
			productRefGroup = 521F09241E730800005CE87A /* Products */;
			projectDirPath = "";
			projectRoot = "";
			targets = (
				521F09221E730800005CE87A /* MusicCollector */,
			);
		};
/* End PBXProject section */

/* Begin PBXResourcesBuildPhase section */
		521F09211E730800005CE87A /* Resources */ = {
			isa = PBXResourcesBuildPhase;
			buildActionMask = 2147483647;
			files = (
				521F09341E730800005CE87A /* LaunchScreen.storyboard in Resources */,
				521F09311E730800005CE87A /* Assets.xcassets in Resources */,
				521F092C1E730800005CE87A /* Main.storyboard in Resources */,
			);
			runOnlyForDeploymentPostprocessing = 0;
		};
/* End PBXResourcesBuildPhase section */

/* Begin PBXSourcesBuildPhase section */
		521F091F1E730800005CE87A /* Sources */ = {
			isa = PBXSourcesBuildPhase;
			buildActionMask = 2147483647;
			files = (
				521F09291E730800005CE87A /* ViewController.swift in Sources */,
				521F092F1E730800005CE87A /* MusicCollector.xcdatamodeld in Sources */,
				521F09271E730800005CE87A /* AppDelegate.swift in Sources */,
			);
			runOnlyForDeploymentPostprocessing = 0;
		};
/* End PBXSourcesBuildPhase section */

/* Begin PBXVariantGroup section */
		521F092A1E730800005CE87A /* Main.storyboard */ = {
			isa = PBXVariantGroup;
			children = (
				521F092B1E730800005CE87A /* Base */,
			);
			name = Main.storyboard;
			sourceTree = "<group>";
		};
		521F09321E730800005CE87A /* LaunchScreen.storyboard */ = {
			isa = PBXVariantGroup;
			children = (
				521F09331E730800005CE87A /* Base */,
			);
			name = LaunchScreen.storyboard;
			sourceTree = "<group>";
		};
/* End PBXVariantGroup section */

/* Begin XCBuildConfiguration section */
		521F09361E730800005CE87A /* Debug */ = {
			isa = XCBuildConfiguration;
			buildSettings = {
				ALWAYS_SEARCH_USER_PATHS = NO;
				CLANG_ANALYZER_NONNULL = YES;
				CLANG_CXX_LANGUAGE_STANDARD = "gnu++0x";
				CLANG_CXX_LIBRARY = "libc++";
				CLANG_ENABLE_MODULES = YES;
				CLANG_ENABLE_OBJC_ARC = YES;
				CLANG_WARN_BOOL_CONVERSION = YES;
				CLANG_WARN_CONSTANT_CONVERSION = YES;
				CLANG_WARN_DIRECT_OBJC_ISA_USAGE = YES_ERROR;
				CLANG_WARN_DOCUMENTATION_COMMENTS = YES;
				CLANG_WARN_EMPTY_BODY = YES;
				CLANG_WARN_ENUM_CONVERSION = YES;
				CLANG_WARN_INFINITE_RECURSION = YES;
				CLANG_WARN_INT_CONVERSION = YES;
				CLANG_WARN_OBJC_ROOT_CLASS = YES_ERROR;
				CLANG_WARN_SUSPICIOUS_MOVES = YES;
				CLANG_WARN_UNREACHABLE_CODE = YES;
				CLANG_WARN__DUPLICATE_METHOD_MATCH = YES;
				"CODE_SIGN_IDENTITY[sdk=iphoneos*]" = "iPhone Developer";
				COPY_PHASE_STRIP = NO;
				DEBUG_INFORMATION_FORMAT = dwarf;
				ENABLE_STRICT_OBJC_MSGSEND = YES;
				ENABLE_TESTABILITY = YES;
				GCC_C_LANGUAGE_STANDARD = gnu99;
				GCC_DYNAMIC_NO_PIC = NO;
				GCC_NO_COMMON_BLOCKS = YES;
				GCC_OPTIMIZATION_LEVEL = 0;
				GCC_PREPROCESSOR_DEFINITIONS = (
					"DEBUG=1",
					"$(inherited)",
				);
				GCC_WARN_64_TO_32_BIT_CONVERSION = YES;
				GCC_WARN_ABOUT_RETURN_TYPE = YES_ERROR;
				GCC_WARN_UNDECLARED_SELECTOR = YES;
				GCC_WARN_UNINITIALIZED_AUTOS = YES_AGGRESSIVE;
				GCC_WARN_UNUSED_FUNCTION = YES;
				GCC_WARN_UNUSED_VARIABLE = YES;
				IPHONEOS_DEPLOYMENT_TARGET = 10.0;
				MTL_ENABLE_DEBUG_INFO = YES;
				ONLY_ACTIVE_ARCH = YES;
				SDKROOT = iphoneos;
				SWIFT_ACTIVE_COMPILATION_CONDITIONS = DEBUG;
				SWIFT_OPTIMIZATION_LEVEL = "-Onone";
				TARGETED_DEVICE_FAMILY = "1,2";
			};
			name = Debug;
		};
		521F09371E730800005CE87A /* Release */ = {
			isa = XCBuildConfiguration;
			buildSettings = {
				ALWAYS_SEARCH_USER_PATHS = NO;
				CLANG_ANALYZER_NONNULL = YES;
				CLANG_CXX_LANGUAGE_STANDARD = "gnu++0x";
				CLANG_CXX_LIBRARY = "libc++";
				CLANG_ENABLE_MODULES = YES;
				CLANG_ENABLE_OBJC_ARC = YES;
				CLANG_WARN_BOOL_CONVERSION = YES;
				CLANG_WARN_CONSTANT_CONVERSION = YES;
				CLANG_WARN_DIRECT_OBJC_ISA_USAGE = YES_ERROR;
				CLANG_WARN_DOCUMENTATION_COMMENTS = YES;
				CLANG_WARN_EMPTY_BODY = YES;
				CLANG_WARN_ENUM_CONVERSION = YES;
				CLANG_WARN_INFINITE_RECURSION = YES;
				CLANG_WARN_INT_CONVERSION = YES;
				CLANG_WARN_OBJC_ROOT_CLASS = YES_ERROR;
				CLANG_WARN_SUSPICIOUS_MOVES = YES;
				CLANG_WARN_UNREACHABLE_CODE = YES;
				CLANG_WARN__DUPLICATE_METHOD_MATCH = YES;
				"CODE_SIGN_IDENTITY[sdk=iphoneos*]" = "iPhone Developer";
				COPY_PHASE_STRIP = NO;
				DEBUG_INFORMATION_FORMAT = "dwarf-with-dsym";
				ENABLE_NS_ASSERTIONS = NO;
				ENABLE_STRICT_OBJC_MSGSEND = YES;
				GCC_C_LANGUAGE_STANDARD = gnu99;
				GCC_NO_COMMON_BLOCKS = YES;
				GCC_WARN_64_TO_32_BIT_CONVERSION = YES;
				GCC_WARN_ABOUT_RETURN_TYPE = YES_ERROR;
				GCC_WARN_UNDECLARED_SELECTOR = YES;
				GCC_WARN_UNINITIALIZED_AUTOS = YES_AGGRESSIVE;
				GCC_WARN_UNUSED_FUNCTION = YES;
				GCC_WARN_UNUSED_VARIABLE = YES;
				IPHONEOS_DEPLOYMENT_TARGET = 10.0;
				MTL_ENABLE_DEBUG_INFO = NO;
				SDKROOT = iphoneos;
				SWIFT_OPTIMIZATION_LEVEL = "-Owholemodule";
				TARGETED_DEVICE_FAMILY = "1,2";
				VALIDATE_PRODUCT = YES;
			};
			name = Release;
		};
		521F09391E730800005CE87A /* Debug */ = {
			isa = XCBuildConfiguration;
			buildSettings = {
				ASSETCATALOG_COMPILER_APPICON_NAME = AppIcon;
				INFOPLIST_FILE = MusicCollector/Info.plist;
				LD_RUNPATH_SEARCH_PATHS = "$(inherited) @executable_path/Frameworks";
				PRODUCT_BUNDLE_IDENTIFIER = com.bonapARTe.MusicCollector;
				PRODUCT_NAME = "$(TARGET_NAME)";
				SWIFT_VERSION = 3.0;
			};
			name = Debug;
		};
		521F093A1E730800005CE87A /* Release */ = {
			isa = XCBuildConfiguration;
			buildSettings = {
				ASSETCATALOG_COMPILER_APPICON_NAME = AppIcon;
				INFOPLIST_FILE = MusicCollector/Info.plist;
				LD_RUNPATH_SEARCH_PATHS = "$(inherited) @executable_path/Frameworks";
				PRODUCT_BUNDLE_IDENTIFIER = com.bonapARTe.MusicCollector;
				PRODUCT_NAME = "$(TARGET_NAME)";
				SWIFT_VERSION = 3.0;
			};
			name = Release;
		};
/* End XCBuildConfiguration section */

/* Begin XCConfigurationList section */
		521F091E1E730800005CE87A /* Build configuration list for PBXProject "MusicCollector" */ = {
			isa = XCConfigurationList;
			buildConfigurations = (
				521F09361E730800005CE87A /* Debug */,
				521F09371E730800005CE87A /* Release */,
			);
			defaultConfigurationIsVisible = 0;
			defaultConfigurationName = Release;
		};
		521F09381E730800005CE87A /* Build configuration list for PBXNativeTarget "MusicCollector" */ = {
			isa = XCConfigurationList;
			buildConfigurations = (
				521F09391E730800005CE87A /* Debug */,
				521F093A1E730800005CE87A /* Release */,
			);
			defaultConfigurationIsVisible = 0;
		};
/* End XCConfigurationList section */

/* Begin XCVersionGroup section */
		521F092D1E730800005CE87A /* MusicCollector.xcdatamodeld */ = {
			isa = XCVersionGroup;
			children = (
				521F092E1E730800005CE87A /* MusicCollector.xcdatamodel */,
			);
			currentVersion = 521F092E1E730800005CE87A /* MusicCollector.xcdatamodel */;
			path = MusicCollector.xcdatamodeld;
			sourceTree = "<group>";
			versionGroupType = wrapper.xcdatamodel;
		};
/* End XCVersionGroup section */
	};
	rootObject = 521F091B1E730800005CE87A /* Project object */;
}
